
Microsoft Visual Studio Solution File, Format Version 12.00
# Visual Studio Version 16
VisualStudioVersion = 16.0.30503.244
MinimumVisualStudioVersion = 10.0.40219.1
Project("{FAE04EC0-301F-11D3-BF4B-00C04F79EFBC}") = "ISYS4363CSharpAssignment", "ISYS4363CSharpAssignment\ISYS4363CSharpAssignment.csproj", "{FC85C2CC-E6B8-46F1-BE38-F5C0B2895658}"
EndProject
Global
	GlobalSection(SolutionConfigurationPlatforms) = preSolution
		Debug|Any CPU = Debug|Any CPU
		Release|Any CPU = Release|Any CPU
	EndGlobalSection
	GlobalSection(ProjectConfigurationPlatforms) = postSolution
		{FC85C2CC-E6B8-46F1-BE38-F5C0B2895658}.Debug|Any CPU.ActiveCfg = Debug|Any CPU
		{FC85C2CC-E6B8-46F1-BE38-F5C0B2895658}.Debug|Any CPU.Build.0 = Debug|Any CPU
		{FC85C2CC-E6B8-46F1-BE38-F5C0B2895658}.Release|Any CPU.ActiveCfg = Release|Any CPU
		{FC85C2CC-E6B8-46F1-BE38-F5C0B2895658}.Release|Any CPU.Build.0 = Release|Any CPU
	EndGlobalSection
	GlobalSection(SolutionProperties) = preSolution
		HideSolutionNode = FALSE
	EndGlobalSection
	GlobalSection(ExtensibilityGlobals) = postSolution
		SolutionGuid = {C6DF4BDD-2E0C-4FA9-A900-2DF68A56E94B}
	EndGlobalSection
EndGlobal
